
Microsoft Visual Studio Solution File, Format Version 12.00
# Visual Studio Version 17
VisualStudioVersion = 17.10.35122.118
MinimumVisualStudioVersion = 10.0.40219.1
Project("{FAE04EC0-301F-11D3-BF4B-00C04F79EFBC}") = "YoloCsharp", "YoloCsharp.csproj", "{8D5A4618-4E75-41C7-8993-345C797413C6}"
EndProject
Global
	GlobalSection(SolutionConfigurationPlatforms) = preSolution
		Debug|Any CPU = Debug|Any CPU
		Release|Any CPU = Release|Any CPU
	EndGlobalSection
	GlobalSection(ProjectConfigurationPlatforms) = postSolution
		{8D5A4618-4E75-41C7-8993-345C797413C6}.Debug|Any CPU.ActiveCfg = Debug|Any CPU
		{8D5A4618-4E75-41C7-8993-345C797413C6}.Debug|Any CPU.Build.0 = Debug|Any CPU
		{8D5A4618-4E75-41C7-8993-345C797413C6}.Release|Any CPU.ActiveCfg = Release|Any CPU
		{8D5A4618-4E75-41C7-8993-345C797413C6}.Release|Any CPU.Build.0 = Release|Any CPU
	EndGlobalSection
	GlobalSection(SolutionProperties) = preSolution
		HideSolutionNode = FALSE
	EndGlobalSection
	GlobalSection(ExtensibilityGlobals) = postSolution
		SolutionGuid = {DF3D87D3-B557-40D2-8712-BF9BE810C0CB}
	EndGlobalSection
EndGlobal
